
Microsoft Visual Studio Solution File, Format Version 12.00
# Visual Studio Version 17
VisualStudioVersion = 17.14.36616.10 d17.14
MinimumVisualStudioVersion = 10.0.40219.1
Project("{FAE04EC0-301F-11D3-BF4B-00C04F79EFBC}") = "DogHouseService", "DogHouseService.csproj", "{522F3644-7295-4783-90AC-446333CB81D4}"
EndProject
Global
	GlobalSection(SolutionConfigurationPlatforms) = preSolution
		Debug|Any CPU = Debug|Any CPU
		Release|Any CPU = Release|Any CPU
	EndGlobalSection
	GlobalSection(ProjectConfigurationPlatforms) = postSolution
		{522F3644-7295-4783-90AC-446333CB81D4}.Debug|Any CPU.ActiveCfg = Debug|Any CPU
		{522F3644-7295-4783-90AC-446333CB81D4}.Debug|Any CPU.Build.0 = Debug|Any CPU
		{522F3644-7295-4783-90AC-446333CB81D4}.Release|Any CPU.ActiveCfg = Release|Any CPU
		{522F3644-7295-4783-90AC-446333CB81D4}.Release|Any CPU.Build.0 = Release|Any CPU
	EndGlobalSection
	GlobalSection(SolutionProperties) = preSolution
		HideSolutionNode = FALSE
	EndGlobalSection
	GlobalSection(ExtensibilityGlobals) = postSolution
		SolutionGuid = {334BA0C9-A3A7-4A30-8591-7EEA4E591ABB}
	EndGlobalSection
EndGlobal
