
Microsoft Visual Studio Solution File, Format Version 12.00
# Visual Studio Version 17
VisualStudioVersion = 17.14.36616.10
MinimumVisualStudioVersion = 10.0.40219.1
Project("{FAE04EC0-301F-11D3-BF4B-00C04F79EFBC}") = "DogHouse", "DogHouse\DogHouse.csproj", "{39676F08-DE2E-27B0-1CD1-C218FE7DDF50}"
EndProject
Project("{FAE04EC0-301F-11D3-BF4B-00C04F79EFBC}") = "DogHouse.UnitTests", "DogHouse.UnitTests\DogHouse.UnitTests.csproj", "{98BBEF77-AFBF-4FE6-BBC7-A74B4115C68A}"
EndProject
Global
	GlobalSection(SolutionConfigurationPlatforms) = preSolution
		Debug|Any CPU = Debug|Any CPU
		Release|Any CPU = Release|Any CPU
	EndGlobalSection
	GlobalSection(ProjectConfigurationPlatforms) = postSolution
		{39676F08-DE2E-27B0-1CD1-C218FE7DDF50}.Debug|Any CPU.ActiveCfg = Debug|Any CPU
		{39676F08-DE2E-27B0-1CD1-C218FE7DDF50}.Debug|Any CPU.Build.0 = Debug|Any CPU
		{39676F08-DE2E-27B0-1CD1-C218FE7DDF50}.Release|Any CPU.ActiveCfg = Release|Any CPU
		{39676F08-DE2E-27B0-1CD1-C218FE7DDF50}.Release|Any CPU.Build.0 = Release|Any CPU
		{98BBEF77-AFBF-4FE6-BBC7-A74B4115C68A}.Debug|Any CPU.ActiveCfg = Debug|Any CPU
		{98BBEF77-AFBF-4FE6-BBC7-A74B4115C68A}.Debug|Any CPU.Build.0 = Debug|Any CPU
		{98BBEF77-AFBF-4FE6-BBC7-A74B4115C68A}.Release|Any CPU.ActiveCfg = Release|Any CPU
		{98BBEF77-AFBF-4FE6-BBC7-A74B4115C68A}.Release|Any CPU.Build.0 = Release|Any CPU
	EndGlobalSection
	GlobalSection(SolutionProperties) = preSolution
		HideSolutionNode = FALSE
	EndGlobalSection
	GlobalSection(ExtensibilityGlobals) = postSolution
		SolutionGuid = {334BA0C9-A3A7-4A30-8591-7EEA4E591ABB}
	EndGlobalSection
EndGlobal
